Microsoft Visual Studio Solution File, Format Version 12.00
# Visual Studio Version 17
VisualStudioVersion = 17.5.2.0
MinimumVisualStudioVersion = 10.0.40219.1
Project("{FAE04EC0-301F-11D3-BF4B-00C04F79EFBC}") = "GlobalBankApi", "GlobalBankApi.csproj", "{BCFCB895-7AD3-833F-AC3E-2DF1CAF434E5}"
EndProject
Global
	GlobalSection(SolutionConfigurationPlatforms) = preSolution
		Debug|Any CPU = Debug|Any CPU
		Release|Any CPU = Release|Any CPU
	EndGlobalSection
	GlobalSection(ProjectConfigurationPlatforms) = postSolution
		{BCFCB895-7AD3-833F-AC3E-2DF1CAF434E5}.Debug|Any CPU.ActiveCfg = Debug|Any CPU
		{BCFCB895-7AD3-833F-AC3E-2DF1CAF434E5}.Debug|Any CPU.Build.0 = Debug|Any CPU
		{BCFCB895-7AD3-833F-AC3E-2DF1CAF434E5}.Release|Any CPU.ActiveCfg = Release|Any CPU
		{BCFCB895-7AD3-833F-AC3E-2DF1CAF434E5}.Release|Any CPU.Build.0 = Release|Any CPU
	EndGlobalSection
	GlobalSection(SolutionProperties) = preSolution
		HideSolutionNode = FALSE
	EndGlobalSection
	GlobalSection(ExtensibilityGlobals) = postSolution
		SolutionGuid = {F08F2DEB-22FB-4911-8C15-6CC53249AFC1}
	EndGlobalSection
EndGlobal
